{
  "name": "grpc-task-manager",
  "lockfileVersion": 2,
  "requires": true,
  "packages": {
    "": {
      "dependencies": {
        "@bufbuild/buf": "^1.22.0"
      }
    },
    "node_modules/@bufbuild/buf": {
      "version": "1.22.0",
      "resolved": "https://registry.npmjs.org/@bufbuild/buf/-/buf-1.22.0.tgz",
      "integrity": "sha512-k53rT4vOnOR/sscjjD2vP05oEQ/nn5i6zctnyU0FEDCtqUOBdWmgKRWr2eR1xBWoTf1UDazr2Po5VIQWIaYz9g==",
      "hasInstallScript": true,
      "bin": {
        "buf": "bin/buf",
        "protoc-gen-buf-breaking": "bin/protoc-gen-buf-breaking",
        "protoc-gen-buf-lint": "bin/protoc-gen-buf-lint"
      },
      "engines": {
        "node": ">=12"
      },
      "optionalDependencies": {
        "@bufbuild/buf-darwin-arm64": "1.22.0",
        "@bufbuild/buf-darwin-x64": "1.22.0",
        "@bufbuild/buf-linux-aarch64": "1.22.0",
        "@bufbuild/buf-linux-x64": "1.22.0",
        "@bufbuild/buf-win32-arm64": "1.22.0",
        "@bufbuild/buf-win32-x64": "1.22.0"
      }
    },
    "node_modules/@bufbuild/buf-darwin-arm64": {
      "version": "1.22.0",
      "resolved": "https://registry.npmjs.org/@bufbuild/buf-darwin-arm64/-/buf-darwin-arm64-1.22.0.tgz",
      "integrity": "sha512-/Xh9h9XGhO9FOVN0fyK3n+CwjX7D07KkiuM9whInQ6MzWyNxjfRhsg6JhuBvT4M7B0Kc5BkT+saiBYYOZU+e4g==",
      "cpu": [
        "arm64"
      ],
      "optional": true,
      "os": [
        "darwin"
      ],
      "engines": {
        "node": ">=12"
      }
    },
    "node_modules/@bufbuild/buf-darwin-x64": {
      "version": "1.22.0",
      "resolved": "https://registry.npmjs.org/@bufbuild/buf-darwin-x64/-/buf-darwin-x64-1.22.0.tgz",
      "integrity": "sha512-Tx/zCiKOCHbg/FuG/pFaGJoHOfge89uMfELhGL5wbrAnvN/s9jgWq9KGrGkDu2mfc+tWFRv/s0/lkFlDrh8meA==",
      "cpu": [
        "x64"
      ],
      "optional": true,
      "os": [
        "darwin"
      ],
      "engines": {
        "node": ">=12"
      }
    },
    "node_modules/@bufbuild/buf-linux-aarch64": {
      "version": "1.22.0",
      "resolved": "https://registry.npmjs.org/@bufbuild/buf-linux-aarch64/-/buf-linux-aarch64-1.22.0.tgz",
      "integrity": "sha512-nXEmI5nIg5YdsEzGceStZ1IWtoNwwzF42X/SyS5wOqAteMbExbKcB4hbk6eFY+tXYgWb0jZXYx92ZB4ZTNAAOw==",
      "cpu": [
        "arm64"
      ],
      "optional": true,
      "os": [
        "linux"
      ],
      "engines": {
        "node": ">=12"
      }
    },
    "node_modules/@bufbuild/buf-linux-x64": {
      "version": "1.22.0",
      "resolved": "https://registry.npmjs.org/@bufbuild/buf-linux-x64/-/buf-linux-x64-1.22.0.tgz",
      "integrity": "sha512-7XBHa/LJP5fpMZ1cXVzXyL2LVzC1I9lugeJeO5hp+VF0JsAj2g/bawhLjTu05PpAjrYCqMD1JWW7bBdV/S498A==",
      "cpu": [
        "x64"
      ],
      "optional": true,
      "os": [
        "linux"
      ],
      "engines": {
        "node": ">=12"
      }
    },
    "node_modules/@bufbuild/buf-win32-arm64": {
      "version": "1.22.0",
      "resolved": "https://registry.npmjs.org/@bufbuild/buf-win32-arm64/-/buf-win32-arm64-1.22.0.tgz",
      "integrity": "sha512-4OrrSNmF5tAojkRT4/1T8Xzuwlwg7e3Bghdc08NbMQ7TjuQK9r0oFTNv7jWYKYqdwdGxqWqESKbb/XI40PKRIg==",
      "cpu": [
        "arm64"
      ],
      "optional": true,
      "os": [
        "win32"
      ],
      "engines": {
        "node": ">=12"
      }
    },
    "node_modules/@bufbuild/buf-win32-x64": {
      "version": "1.22.0",
      "resolved": "https://registry.npmjs.org/@bufbuild/buf-win32-x64/-/buf-win32-x64-1.22.0.tgz",
      "integrity": "sha512-naKg0qI4LgtpZOgdwt+Gz1WThc80TuROFlmaOVeG5drEl5fOaSU+bOFgIXgWBmMz6s2yGIE09xWI1HBJb95MgQ==",
      "cpu": [
        "x64"
      ],
      "optional": true,
      "os": [
        "win32"
      ],
      "engines": {
        "node": ">=12"
      }
    }
  },
  "dependencies": {
    "@bufbuild/buf": {
      "version": "1.22.0",
      "resolved": "https://registry.npmjs.org/@bufbuild/buf/-/buf-1.22.0.tgz",
      "integrity": "sha512-k53rT4vOnOR/sscjjD2vP05oEQ/nn5i6zctnyU0FEDCtqUOBdWmgKRWr2eR1xBWoTf1UDazr2Po5VIQWIaYz9g==",
      "requires": {
        "@bufbuild/buf-darwin-arm64": "1.22.0",
        "@bufbuild/buf-darwin-x64": "1.22.0",
        "@bufbuild/buf-linux-aarch64": "1.22.0",
        "@bufbuild/buf-linux-x64": "1.22.0",
        "@bufbuild/buf-win32-arm64": "1.22.0",
        "@bufbuild/buf-win32-x64": "1.22.0"
      }
    },
    "@bufbuild/buf-darwin-arm64": {
      "version": "1.22.0",
      "resolved": "https://registry.npmjs.org/@bufbuild/buf-darwin-arm64/-/buf-darwin-arm64-1.22.0.tgz",
      "integrity": "sha512-/Xh9h9XGhO9FOVN0fyK3n+CwjX7D07KkiuM9whInQ6MzWyNxjfRhsg6JhuBvT4M7B0Kc5BkT+saiBYYOZU+e4g==",
      "optional": true
    },
    "@bufbuild/buf-darwin-x64": {
      "version": "1.22.0",
      "resolved": "https://registry.npmjs.org/@bufbuild/buf-darwin-x64/-/buf-darwin-x64-1.22.0.tgz",
      "integrity": "sha512-Tx/zCiKOCHbg/FuG/pFaGJoHOfge89uMfELhGL5wbrAnvN/s9jgWq9KGrGkDu2mfc+tWFRv/s0/lkFlDrh8meA==",
      "optional": true
    },
    "@bufbuild/buf-linux-aarch64": {
      "version": "1.22.0",
      "resolved": "https://registry.npmjs.org/@bufbuild/buf-linux-aarch64/-/buf-linux-aarch64-1.22.0.tgz",
      "integrity": "sha512-nXEmI5nIg5YdsEzGceStZ1IWtoNwwzF42X/SyS5wOqAteMbExbKcB4hbk6eFY+tXYgWb0jZXYx92ZB4ZTNAAOw==",
      "optional": true
    },
    "@bufbuild/buf-linux-x64": {
      "version": "1.22.0",
      "resolved": "https://registry.npmjs.org/@bufbuild/buf-linux-x64/-/buf-linux-x64-1.22.0.tgz",
      "integrity": "sha512-7XBHa/LJP5fpMZ1cXVzXyL2LVzC1I9lugeJeO5hp+VF0JsAj2g/bawhLjTu05PpAjrYCqMD1JWW7bBdV/S498A==",
      "optional": true
    },
    "@bufbuild/buf-win32-arm64": {
      "version": "1.22.0",
      "resolved": "https://registry.npmjs.org/@bufbuild/buf-win32-arm64/-/buf-win32-arm64-1.22.0.tgz",
      "integrity": "sha512-4OrrSNmF5tAojkRT4/1T8Xzuwlwg7e3Bghdc08NbMQ7TjuQK9r0oFTNv7jWYKYqdwdGxqWqESKbb/XI40PKRIg==",
      "optional": true
    },
    "@bufbuild/buf-win32-x64": {
      "version": "1.22.0",
      "resolved": "https://registry.npmjs.org/@bufbuild/buf-win32-x64/-/buf-win32-x64-1.22.0.tgz",
      "integrity": "sha512-naKg0qI4LgtpZOgdwt+Gz1WThc80TuROFlmaOVeG5drEl5fOaSU+bOFgIXgWBmMz6s2yGIE09xWI1HBJb95MgQ==",
      "optional": true
    }
  }
}
