github.com/emersion/go-sasl v0.0.0-20200509203442-7bfe0ed36a21/go.mod h1:iL2twTeMvZnrg54ZoPDNfJaJaqy0xIQFuBdrLsmspwQ=
github.com/emersion/go-sasl v0.0.0-20220912192320-0145f2c60ead h1:fI1Jck0vUrXT8bnphprS1EoVRe2Q5CKCX8iDlpqjQ/Y=
github.com/emersion/go-sasl v0.0.0-20220912192320-0145f2c60ead/go.mod h1:iL2twTeMvZnrg54ZoPDNfJaJaqy0xIQFuBdrLsmspwQ=
github.com/emersion/go-smtp v0.16.0 h1:eB9CY9527WdEZSs5sWisTmilDX7gG+Q/2IdRcmubpa8=
github.com/emersion/go-smtp v0.16.0/go.mod h1:qm27SGYgoIPRot6ubfQ/GpiPy/g3PaZAVRxiO/sDUgQ=
